
Microsoft Visual Studio Solution File, Format Version 12.00
# Visual Studio Version 17
VisualStudioVersion = 17.9.34714.143
MinimumVisualStudioVersion = 10.0.40219.1
Project("{FAE04EC0-301F-11D3-BF4B-00C04F79EFBC}") = "TestTest", "TestTest\TestTest.csproj", "{A644FD6E-C8C4-4A21-95EA-E863B8A28E88}"
EndProject
Global
	GlobalSection(SolutionConfigurationPlatforms) = preSolution
		Debug|Any CPU = Debug|Any CPU
		Release|Any CPU = Release|Any CPU
	EndGlobalSection
	GlobalSection(ProjectConfigurationPlatforms) = postSolution
		{A644FD6E-C8C4-4A21-95EA-E863B8A28E88}.Debug|Any CPU.ActiveCfg = Debug|Any CPU
		{A644FD6E-C8C4-4A21-95EA-E863B8A28E88}.Debug|Any CPU.Build.0 = Debug|Any CPU
		{A644FD6E-C8C4-4A21-95EA-E863B8A28E88}.Release|Any CPU.ActiveCfg = Release|Any CPU
		{A644FD6E-C8C4-4A21-95EA-E863B8A28E88}.Release|Any CPU.Build.0 = Release|Any CPU
	EndGlobalSection
	GlobalSection(SolutionProperties) = preSolution
		HideSolutionNode = FALSE
	EndGlobalSection
	GlobalSection(ExtensibilityGlobals) = postSolution
		SolutionGuid = {CC3F9ED0-BDDF-4796-9F2E-510C02C49BE7}
	EndGlobalSection
EndGlobal
